Microsoft Visual Studio Solution File, Format Version 11.00
# Visual Studio 2010
Project("{FAE04EC0-301F-11D3-BF4B-00C04F79EFBC}") = "Assembly-CSharp", "Assembly-CSharp.csproj", "{19D602D4-5FEF-BAB2-D3DE-80F5C75AB5E0}"
EndProject
Project("{FAE04EC0-301F-11D3-BF4B-00C04F79EFBC}") = "Assembly-CSharp-Editor", "Assembly-CSharp-Editor.csproj", "{91CEC44C-0B63-6E86-11BA-6CE647500395}"
EndProject
Global
	GlobalSection(SolutionConfigurationPlatforms) = preSolution
		Debug|Any CPU = Debug|Any CPU
		Release|Any CPU = Release|Any CPU
	EndGlobalSection
	GlobalSection(ProjectConfigurationPlatforms) = postSolution
		{19D602D4-5FEF-BAB2-D3DE-80F5C75AB5E0}.Debug|Any CPU.ActiveCfg = Debug|Any CPU
		{19D602D4-5FEF-BAB2-D3DE-80F5C75AB5E0}.Debug|Any CPU.Build.0 = Debug|Any CPU
		{19D602D4-5FEF-BAB2-D3DE-80F5C75AB5E0}.Release|Any CPU.ActiveCfg = Release|Any CPU
		{19D602D4-5FEF-BAB2-D3DE-80F5C75AB5E0}.Release|Any CPU.Build.0 = Release|Any CPU
		{91CEC44C-0B63-6E86-11BA-6CE647500395}.Debug|Any CPU.ActiveCfg = Debug|Any CPU
		{91CEC44C-0B63-6E86-11BA-6CE647500395}.Debug|Any CPU.Build.0 = Debug|Any CPU
		{91CEC44C-0B63-6E86-11BA-6CE647500395}.Release|Any CPU.ActiveCfg = Release|Any CPU
		{91CEC44C-0B63-6E86-11BA-6CE647500395}.Release|Any CPU.Build.0 = Release|Any CPU
	EndGlobalSection
	GlobalSection(SolutionProperties) = preSolution
		HideSolutionNode = FALSE
	EndGlobalSection
	GlobalSection(MonoDevelopProperties) = preSolution
		StartupItem = Assembly-CSharp.csproj
	EndGlobalSection
EndGlobal
